
Microsoft Visual Studio Solution File, Format Version 12.00
# Visual Studio 15
VisualStudioVersion = 15.0.27130.2036
MinimumVisualStudioVersion = 10.0.40219.1
Project("{9A19103F-16F7-4668-BE54-9A1E7A4F7556}") = "MediatR.EventAggregator", "MediatR.EventAggregator\MediatR.EventAggregator.csproj", "{B2C238B7-BE83-4A18-B689-935188315F0A}"
EndProject
Global
	GlobalSection(SolutionConfigurationPlatforms) = preSolution
		Debug|Any CPU = Debug|Any CPU
		Release|Any CPU = Release|Any CPU
	EndGlobalSection
	GlobalSection(ProjectConfigurationPlatforms) = postSolution
		{B2C238B7-BE83-4A18-B689-935188315F0A}.Debug|Any CPU.ActiveCfg = Debug|Any CPU
		{B2C238B7-BE83-4A18-B689-935188315F0A}.Debug|Any CPU.Build.0 = Debug|Any CPU
		{B2C238B7-BE83-4A18-B689-935188315F0A}.Release|Any CPU.ActiveCfg = Release|Any CPU
		{B2C238B7-BE83-4A18-B689-935188315F0A}.Release|Any CPU.Build.0 = Release|Any CPU
	EndGlobalSection
	GlobalSection(SolutionProperties) = preSolution
		HideSolutionNode = FALSE
	EndGlobalSection
	GlobalSection(ExtensibilityGlobals) = postSolution
		SolutionGuid = {44AB1DDD-8DAB-44DC-BE66-817F70FA1B7B}
	EndGlobalSection
EndGlobal
